
Microsoft Visual Studio Solution File, Format Version 12.00
# Visual Studio 15
VisualStudioVersion = 15.0.27703.2026
MinimumVisualStudioVersion = 10.0.40219.1
Project("{9A19103F-16F7-4668-BE54-9A1E7A4F7556}") = "Conan.Plugin.HelloWorld", "Conan.Plugin.HelloWorld\Conan.Plugin.HelloWorld.csproj", "{83829922-22D4-4EB1-8C86-28759957CDA6}"
EndProject
Project("{9A19103F-16F7-4668-BE54-9A1E7A4F7556}") = "TestHelloWorld", "TestHelloWorld\TestHelloWorld.csproj", "{1188F7EB-E696-49AE-B406-FBFDB164C83F}"
	ProjectSection(ProjectDependencies) = postProject
		{83829922-22D4-4EB1-8C86-28759957CDA6} = {83829922-22D4-4EB1-8C86-28759957CDA6}
	EndProjectSection
EndProject
Global
	GlobalSection(SolutionConfigurationPlatforms) = preSolution
		Debug|Any CPU = Debug|Any CPU
		Release|Any CPU = Release|Any CPU
	EndGlobalSection
	GlobalSection(ProjectConfigurationPlatforms) = postSolution
		{83829922-22D4-4EB1-8C86-28759957CDA6}.Debug|Any CPU.ActiveCfg = Debug|Any CPU
		{83829922-22D4-4EB1-8C86-28759957CDA6}.Debug|Any CPU.Build.0 = Debug|Any CPU
		{83829922-22D4-4EB1-8C86-28759957CDA6}.Release|Any CPU.ActiveCfg = Release|Any CPU
		{83829922-22D4-4EB1-8C86-28759957CDA6}.Release|Any CPU.Build.0 = Release|Any CPU
		{1188F7EB-E696-49AE-B406-FBFDB164C83F}.Debug|Any CPU.ActiveCfg = Debug|Any CPU
		{1188F7EB-E696-49AE-B406-FBFDB164C83F}.Debug|Any CPU.Build.0 = Debug|Any CPU
		{1188F7EB-E696-49AE-B406-FBFDB164C83F}.Release|Any CPU.ActiveCfg = Release|Any CPU
		{1188F7EB-E696-49AE-B406-FBFDB164C83F}.Release|Any CPU.Build.0 = Release|Any CPU
	EndGlobalSection
	GlobalSection(SolutionProperties) = preSolution
		HideSolutionNode = FALSE
	EndGlobalSection
	GlobalSection(ExtensibilityGlobals) = postSolution
		SolutionGuid = {B174798E-EE6C-4C7C-BF09-57A4F7B1D36A}
	EndGlobalSection
EndGlobal
